
Microsoft Visual Studio Solution File, Format Version 12.00
# Visual Studio Version 17
VisualStudioVersion = 17.9.34728.123
MinimumVisualStudioVersion = 10.0.40219.1
Project("{FAE04EC0-301F-11D3-BF4B-00C04F79EFBC}") = "AuthUser", "AuthUser.csproj", "{48F9FEFA-CFDF-4F9F-A381-0A6752E01AB6}"
EndProject
Global
	GlobalSection(SolutionConfigurationPlatforms) = preSolution
		Debug|Any CPU = Debug|Any CPU
		Release|Any CPU = Release|Any CPU
	EndGlobalSection
	GlobalSection(ProjectConfigurationPlatforms) = postSolution
		{48F9FEFA-CFDF-4F9F-A381-0A6752E01AB6}.Debug|Any CPU.ActiveCfg = Debug|Any CPU
		{48F9FEFA-CFDF-4F9F-A381-0A6752E01AB6}.Debug|Any CPU.Build.0 = Debug|Any CPU
		{48F9FEFA-CFDF-4F9F-A381-0A6752E01AB6}.Release|Any CPU.ActiveCfg = Release|Any CPU
		{48F9FEFA-CFDF-4F9F-A381-0A6752E01AB6}.Release|Any CPU.Build.0 = Release|Any CPU
	EndGlobalSection
	GlobalSection(SolutionProperties) = preSolution
		HideSolutionNode = FALSE
	EndGlobalSection
	GlobalSection(ExtensibilityGlobals) = postSolution
		SolutionGuid = {E5C096E3-F5C0-4815-8CBC-40D7560DC5C2}
	EndGlobalSection
EndGlobal
